
Microsoft Visual Studio Solution File, Format Version 12.00
# Visual Studio 15
VisualStudioVersion = 15.0.28010.2016
MinimumVisualStudioVersion = 10.0.40219.1
Project("{FAE04EC0-301F-11D3-BF4B-00C04F79EFBC}") = "CALIFICACIONES", "CALIFICACIONES\CALIFICACIONES.csproj", "{09D5D5BF-D468-4E69-B0B6-08A5A0432E2E}"
EndProject
Global
	GlobalSection(SolutionConfigurationPlatforms) = preSolution
		Debug|Any CPU = Debug|Any CPU
		Release|Any CPU = Release|Any CPU
	EndGlobalSection
	GlobalSection(ProjectConfigurationPlatforms) = postSolution
		{09D5D5BF-D468-4E69-B0B6-08A5A0432E2E}.Debug|Any CPU.ActiveCfg = Debug|Any CPU
		{09D5D5BF-D468-4E69-B0B6-08A5A0432E2E}.Debug|Any CPU.Build.0 = Debug|Any CPU
		{09D5D5BF-D468-4E69-B0B6-08A5A0432E2E}.Release|Any CPU.ActiveCfg = Release|Any CPU
		{09D5D5BF-D468-4E69-B0B6-08A5A0432E2E}.Release|Any CPU.Build.0 = Release|Any CPU
	EndGlobalSection
	GlobalSection(SolutionProperties) = preSolution
		HideSolutionNode = FALSE
	EndGlobalSection
	GlobalSection(ExtensibilityGlobals) = postSolution
		SolutionGuid = {B79F525F-B7C4-421F-9AB4-979472524877}
	EndGlobalSection
EndGlobal
